// !$*UTF8*$!
{
	archiveVersion = 1;
	classes = {
	};
	objectVersion = 56;
	objects = {

/* Begin PBXBuildFile section */
		BA4EE4812C858FE80068A262 /* SecondSegue.swift in Sources */ = {isa = PBXBuildFile; fileRef = BA4EE4802C858FE80068A262 /* SecondSegue.swift */; };
		BA81587E2C81CF4600FABDED /* MyTableViewCell.swift in Sources */ = {isa = PBXBuildFile; fileRef = BA81587D2C81CF4600FABDED /* MyTableViewCell.swift */; };
		BA869D582C81A2D700A54A3B /* AppDelegate.swift in Sources */ = {isa = PBXBuildFile; fileRef = BA869D572C81A2D700A54A3B /* AppDelegate.swift */; };
		BA869D5A2C81A2D700A54A3B /* SceneDelegate.swift in Sources */ = {isa = PBXBuildFile; fileRef = BA869D592C81A2D700A54A3B /* SceneDelegate.swift */; };
		BA869D5C2C81A2D700A54A3B /* CountriesViewController.swift in Sources */ = {isa = PBXBuildFile; fileRef = BA869D5B2C81A2D700A54A3B /* CountriesViewController.swift */; };
		BA869D5F2C81A2D700A54A3B /* Main.storyboard in Resources */ = {isa = PBXBuildFile; fileRef = BA869D5D2C81A2D700A54A3B /* Main.storyboard */; };
		BA869D612C81A2DB00A54A3B /* Assets.xcassets in Resources */ = {isa = PBXBuildFile; fileRef = BA869D602C81A2DB00A54A3B /* Assets.xcassets */; };
		BA869D642C81A2DB00A54A3B /* LaunchScreen.storyboard in Resources */ = {isa = PBXBuildFile; fileRef = BA869D622C81A2DB00A54A3B /* LaunchScreen.storyboard */; };
		BA869D702C81ACBC00A54A3B /* City.swift in Sources */ = {isa = PBXBuildFile; fileRef = BA869D6F2C81ACBC00A54A3B /* City.swift */; };
		BA869D722C81AE2300A54A3B /* CountriesViewModel.swift in Sources */ = {isa = PBXBuildFile; fileRef = BA869D712C81AE2300A54A3B /* CountriesViewModel.swift */; };
/* End PBXBuildFile section */

/* Begin PBXFileReference section */
		BA4EE4802C858FE80068A262 /* SecondSegue.swift */ = {isa = PBXFileReference; lastKnownFileType = sourcecode.swift; path = SecondSegue.swift; sourceTree = "<group>"; };
		BA81587D2C81CF4600FABDED /* MyTableViewCell.swift */ = {isa = PBXFileReference; lastKnownFileType = sourcecode.swift; path = MyTableViewCell.swift; sourceTree = "<group>"; };
		BA869D542C81A2D700A54A3B /* URL-Session-API-Country-Names.app */ = {isa = PBXFileReference; explicitFileType = wrapper.application; includeInIndex = 0; path = "URL-Session-API-Country-Names.app"; sourceTree = BUILT_PRODUCTS_DIR; };
		BA869D572C81A2D700A54A3B /* AppDelegate.swift */ = {isa = PBXFileReference; lastKnownFileType = sourcecode.swift; path = AppDelegate.swift; sourceTree = "<group>"; };
		BA869D592C81A2D700A54A3B /* SceneDelegate.swift */ = {isa = PBXFileReference; lastKnownFileType = sourcecode.swift; path = SceneDelegate.swift; sourceTree = "<group>"; };
		BA869D5B2C81A2D700A54A3B /* CountriesViewController.swift */ = {isa = PBXFileReference; lastKnownFileType = sourcecode.swift; path = CountriesViewController.swift; sourceTree = "<group>"; };
		BA869D5E2C81A2D700A54A3B /* Base */ = {isa = PBXFileReference; lastKnownFileType = file.storyboard; name = Base; path = Base.lproj/Main.storyboard; sourceTree = "<group>"; };
		BA869D602C81A2DB00A54A3B /* Assets.xcassets */ = {isa = PBXFileReference; lastKnownFileType = folder.assetcatalog; path = Assets.xcassets; sourceTree = "<group>"; };
		BA869D632C81A2DB00A54A3B /* Base */ = {isa = PBXFileReference; lastKnownFileType = file.storyboard; name = Base; path = Base.lproj/LaunchScreen.storyboard; sourceTree = "<group>"; };
		BA869D652C81A2DB00A54A3B /* Info.plist */ = {isa = PBXFileReference; lastKnownFileType = text.plist.xml; path = Info.plist; sourceTree = "<group>"; };
		BA869D6F2C81ACBC00A54A3B /* City.swift */ = {isa = PBXFileReference; lastKnownFileType = sourcecode.swift; path = City.swift; sourceTree = "<group>"; };
		BA869D712C81AE2300A54A3B /* CountriesViewModel.swift */ = {isa = PBXFileReference; lastKnownFileType = sourcecode.swift; path = CountriesViewModel.swift; sourceTree = "<group>"; };
/* End PBXFileReference section */

/* Begin PBXFrameworksBuildPhase section */
		BA869D512C81A2D700A54A3B /* Frameworks */ = {
			isa = PBXFrameworksBuildPhase;
			buildActionMask = 2147483647;
			files = (
			);
			runOnlyForDeploymentPostprocessing = 0;
		};
/* End PBXFrameworksBuildPhase section */

/* Begin PBXGroup section */
		BA81587F2C81E2A700FABDED /* Resources */ = {
			isa = PBXGroup;
			children = (
				BA869D602C81A2DB00A54A3B /* Assets.xcassets */,
			);
			path = Resources;
			sourceTree = "<group>";
		};
		BA8158802C81E2DB00FABDED /* Delegates */ = {
			isa = PBXGroup;
			children = (
				BA869D592C81A2D700A54A3B /* SceneDelegate.swift */,
				BA869D572C81A2D700A54A3B /* AppDelegate.swift */,
			);
			path = Delegates;
			sourceTree = "<group>";
		};
		BA869D4B2C81A2D700A54A3B = {
			isa = PBXGroup;
			children = (
				BA869D562C81A2D700A54A3B /* URL-Session-API-Country-Names */,
				BA869D552C81A2D700A54A3B /* Products */,
			);
			sourceTree = "<group>";
		};
		BA869D552C81A2D700A54A3B /* Products */ = {
			isa = PBXGroup;
			children = (
				BA869D542C81A2D700A54A3B /* URL-Session-API-Country-Names.app */,
			);
			name = Products;
			sourceTree = "<group>";
		};
		BA869D562C81A2D700A54A3B /* URL-Session-API-Country-Names */ = {
			isa = PBXGroup;
			children = (
				BA869D652C81A2DB00A54A3B /* Info.plist */,
				BA869D6B2C81AC3900A54A3B /* Model */,
				BA869D6D2C81AC4D00A54A3B /* View */,
				BA869D6C2C81AC4300A54A3B /* ViewModel */,
				BA8158802C81E2DB00FABDED /* Delegates */,
				BA81587F2C81E2A700FABDED /* Resources */,
			);
			path = "URL-Session-API-Country-Names";
			sourceTree = "<group>";
		};
		BA869D6B2C81AC3900A54A3B /* Model */ = {
			isa = PBXGroup;
			children = (
				BA869D6F2C81ACBC00A54A3B /* City.swift */,
			);
			path = Model;
			sourceTree = "<group>";
		};
		BA869D6C2C81AC4300A54A3B /* ViewModel */ = {
			isa = PBXGroup;
			children = (
				BA869D712C81AE2300A54A3B /* CountriesViewModel.swift */,
			);
			path = ViewModel;
			sourceTree = "<group>";
		};
		BA869D6D2C81AC4D00A54A3B /* View */ = {
			isa = PBXGroup;
			children = (
				BA869D622C81A2DB00A54A3B /* LaunchScreen.storyboard */,
				BA869D5D2C81A2D700A54A3B /* Main.storyboard */,
				BA869D5B2C81A2D700A54A3B /* CountriesViewController.swift */,
				BA81587D2C81CF4600FABDED /* MyTableViewCell.swift */,
				BA4EE4802C858FE80068A262 /* SecondSegue.swift */,
			);
			path = View;
			sourceTree = "<group>";
		};
/* End PBXGroup section */

/* Begin PBXNativeTarget section */
		BA869D532C81A2D700A54A3B /* URL-Session-API-Country-Names */ = {
			isa = PBXNativeTarget;
			buildConfigurationList = BA869D682C81A2DB00A54A3B /* Build configuration list for PBXNativeTarget "URL-Session-API-Country-Names" */;
			buildPhases = (
				BA869D502C81A2D700A54A3B /* Sources */,
				BA869D512C81A2D700A54A3B /* Frameworks */,
				BA869D522C81A2D700A54A3B /* Resources */,
			);
			buildRules = (
			);
			dependencies = (
			);
			name = "URL-Session-API-Country-Names";
			productName = "URL-Session-API-Country-Names";
			productReference = BA869D542C81A2D700A54A3B /* URL-Session-API-Country-Names.app */;
			productType = "com.apple.product-type.application";
		};
/* End PBXNativeTarget section */

/* Begin PBXProject section */
		BA869D4C2C81A2D700A54A3B /* Project object */ = {
			isa = PBXProject;
			attributes = {
				BuildIndependentTargetsInParallel = 1;
				LastSwiftUpdateCheck = 1520;
				LastUpgradeCheck = 1520;
				TargetAttributes = {
					BA869D532C81A2D700A54A3B = {
						CreatedOnToolsVersion = 15.2;
					};
				};
			};
			buildConfigurationList = BA869D4F2C81A2D700A54A3B /* Build configuration list for PBXProject "URL-Session-API-Country-Names" */;
			compatibilityVersion = "Xcode 14.0";
			developmentRegion = en;
			hasScannedForEncodings = 0;
			knownRegions = (
				en,
				Base,
			);
			mainGroup = BA869D4B2C81A2D700A54A3B;
			productRefGroup = BA869D552C81A2D700A54A3B /* Products */;
			projectDirPath = "";
			projectRoot = "";
			targets = (
				BA869D532C81A2D700A54A3B /* URL-Session-API-Country-Names */,
			);
		};
/* End PBXProject section */

/* Begin PBXResourcesBuildPhase section */
		BA869D522C81A2D700A54A3B /* Resources */ = {
			isa = PBXResourcesBuildPhase;
			buildActionMask = 2147483647;
			files = (
				BA869D642C81A2DB00A54A3B /* LaunchScreen.storyboard in Resources */,
				BA869D612C81A2DB00A54A3B /* Assets.xcassets in Resources */,
				BA869D5F2C81A2D700A54A3B /* Main.storyboard in Resources */,
			);
			runOnlyForDeploymentPostprocessing = 0;
		};
/* End PBXResourcesBuildPhase section */

/* Begin PBXSourcesBuildPhase section */
		BA869D502C81A2D700A54A3B /* Sources */ = {
			isa = PBXSourcesBuildPhase;
			buildActionMask = 2147483647;
			files = (
				BA869D5C2C81A2D700A54A3B /* CountriesViewController.swift in Sources */,
				BA4EE4812C858FE80068A262 /* SecondSegue.swift in Sources */,
				BA869D582C81A2D700A54A3B /* AppDelegate.swift in Sources */,
				BA869D702C81ACBC00A54A3B /* City.swift in Sources */,
				BA869D722C81AE2300A54A3B /* CountriesViewModel.swift in Sources */,
				BA869D5A2C81A2D700A54A3B /* SceneDelegate.swift in Sources */,
				BA81587E2C81CF4600FABDED /* MyTableViewCell.swift in Sources */,
			);
			runOnlyForDeploymentPostprocessing = 0;
		};
/* End PBXSourcesBuildPhase section */

/* Begin PBXVariantGroup section */
		BA869D5D2C81A2D700A54A3B /* Main.storyboard */ = {
			isa = PBXVariantGroup;
			children = (
				BA869D5E2C81A2D700A54A3B /* Base */,
			);
			name = Main.storyboard;
			sourceTree = "<group>";
		};
		BA869D622C81A2DB00A54A3B /* LaunchScreen.storyboard */ = {
			isa = PBXVariantGroup;
			children = (
				BA869D632C81A2DB00A54A3B /* Base */,
			);
			name = LaunchScreen.storyboard;
			sourceTree = "<group>";
		};
/* End PBXVariantGroup section */

/* Begin XCBuildConfiguration section */
		BA869D662C81A2DB00A54A3B /* Debug */ = {
			isa = XCBuildConfiguration;
			buildSettings = {
				ALWAYS_SEARCH_USER_PATHS = NO;
				ASSETCATALOG_COMPILER_GENERATE_SWIFT_ASSET_SYMBOL_EXTENSIONS = YES;
				CLANG_ANALYZER_NONNULL = YES;
				CLANG_ANALYZER_NUMBER_OBJECT_CONVERSION = YES_AGGRESSIVE;
				CLANG_CXX_LANGUAGE_STANDARD = "gnu++20";
				CLANG_ENABLE_MODULES = YES;
				CLANG_ENABLE_OBJC_ARC = YES;
				CLANG_ENABLE_OBJC_WEAK = YES;
				CLANG_WARN_BLOCK_CAPTURE_AUTORELEASING = YES;
				CLANG_WARN_BOOL_CONVERSION = YES;
				CLANG_WARN_COMMA = YES;
				CLANG_WARN_CONSTANT_CONVERSION = YES;
				CLANG_WARN_DEPRECATED_OBJC_IMPLEMENTATIONS = YES;
				CLANG_WARN_DIRECT_OBJC_ISA_USAGE = YES_ERROR;
				CLANG_WARN_DOCUMENTATION_COMMENTS = YES;
				CLANG_WARN_EMPTY_BODY = YES;
				CLANG_WARN_ENUM_CONVERSION = YES;
				CLANG_WARN_INFINITE_RECURSION = YES;
				CLANG_WARN_INT_CONVERSION = YES;
				CLANG_WARN_NON_LITERAL_NULL_CONVERSION = YES;
				CLANG_WARN_OBJC_IMPLICIT_RETAIN_SELF = YES;
				CLANG_WARN_OBJC_LITERAL_CONVERSION = YES;
				CLANG_WARN_OBJC_ROOT_CLASS = YES_ERROR;
				CLANG_WARN_QUOTED_INCLUDE_IN_FRAMEWORK_HEADER = YES;
				CLANG_WARN_RANGE_LOOP_ANALYSIS = YES;
				CLANG_WARN_STRICT_PROTOTYPES = YES;
				CLANG_WARN_SUSPICIOUS_MOVE = YES;
				CLANG_WARN_UNGUARDED_AVAILABILITY = YES_AGGRESSIVE;
				CLANG_WARN_UNREACHABLE_CODE = YES;
				CLANG_WARN__DUPLICATE_METHOD_MATCH = YES;
				COPY_PHASE_STRIP = NO;
				DEBUG_INFORMATION_FORMAT = dwarf;
				ENABLE_STRICT_OBJC_MSGSEND = YES;
				ENABLE_TESTABILITY = YES;
				ENABLE_USER_SCRIPT_SANDBOXING = YES;
				GCC_C_LANGUAGE_STANDARD = gnu17;
				GCC_DYNAMIC_NO_PIC = NO;
				GCC_NO_COMMON_BLOCKS = YES;
				GCC_OPTIMIZATION_LEVEL = 0;
				GCC_PREPROCESSOR_DEFINITIONS = (
					"DEBUG=1",
					"$(inherited)",
				);
				GCC_WARN_64_TO_32_BIT_CONVERSION = YES;
				GCC_WARN_ABOUT_RETURN_TYPE = YES_ERROR;
				GCC_WARN_UNDECLARED_SELECTOR = YES;
				GCC_WARN_UNINITIALIZED_AUTOS = YES_AGGRESSIVE;
				GCC_WARN_UNUSED_FUNCTION = YES;
				GCC_WARN_UNUSED_VARIABLE = YES;
				IPHONEOS_DEPLOYMENT_TARGET = 17.2;
				LOCALIZATION_PREFERS_STRING_CATALOGS = YES;
				MTL_ENABLE_DEBUG_INFO = INCLUDE_SOURCE;
				MTL_FAST_MATH = YES;
				ONLY_ACTIVE_ARCH = YES;
				SDKROOT = iphoneos;
				SWIFT_ACTIVE_COMPILATION_CONDITIONS = "DEBUG $(inherited)";
				SWIFT_OPTIMIZATION_LEVEL = "-Onone";
			};
			name = Debug;
		};
		BA869D672C81A2DB00A54A3B /* Release */ = {
			isa = XCBuildConfiguration;
			buildSettings = {
				ALWAYS_SEARCH_USER_PATHS = NO;
				ASSETCATALOG_COMPILER_GENERATE_SWIFT_ASSET_SYMBOL_EXTENSIONS = YES;
				CLANG_ANALYZER_NONNULL = YES;
				CLANG_ANALYZER_NUMBER_OBJECT_CONVERSION = YES_AGGRESSIVE;
				CLANG_CXX_LANGUAGE_STANDARD = "gnu++20";
				CLANG_ENABLE_MODULES = YES;
				CLANG_ENABLE_OBJC_ARC = YES;
				CLANG_ENABLE_OBJC_WEAK = YES;
				CLANG_WARN_BLOCK_CAPTURE_AUTORELEASING = YES;
				CLANG_WARN_BOOL_CONVERSION = YES;
				CLANG_WARN_COMMA = YES;
				CLANG_WARN_CONSTANT_CONVERSION = YES;
				CLANG_WARN_DEPRECATED_OBJC_IMPLEMENTATIONS = YES;
				CLANG_WARN_DIRECT_OBJC_ISA_USAGE = YES_ERROR;
				CLANG_WARN_DOCUMENTATION_COMMENTS = YES;
				CLANG_WARN_EMPTY_BODY = YES;
				CLANG_WARN_ENUM_CONVERSION = YES;
				CLANG_WARN_INFINITE_RECURSION = YES;
				CLANG_WARN_INT_CONVERSION = YES;
				CLANG_WARN_NON_LITERAL_NULL_CONVERSION = YES;
				CLANG_WARN_OBJC_IMPLICIT_RETAIN_SELF = YES;
				CLANG_WARN_OBJC_LITERAL_CONVERSION = YES;
				CLANG_WARN_OBJC_ROOT_CLASS = YES_ERROR;
				CLANG_WARN_QUOTED_INCLUDE_IN_FRAMEWORK_HEADER = YES;
				CLANG_WARN_RANGE_LOOP_ANALYSIS = YES;
				CLANG_WARN_STRICT_PROTOTYPES = YES;
				CLANG_WARN_SUSPICIOUS_MOVE = YES;
				CLANG_WARN_UNGUARDED_AVAILABILITY = YES_AGGRESSIVE;
				CLANG_WARN_UNREACHABLE_CODE = YES;
				CLANG_WARN__DUPLICATE_METHOD_MATCH = YES;
				COPY_PHASE_STRIP = NO;
				DEBUG_INFORMATION_FORMAT = "dwarf-with-dsym";
				ENABLE_NS_ASSERTIONS = NO;
				ENABLE_STRICT_OBJC_MSGSEND = YES;
				ENABLE_USER_SCRIPT_SANDBOXING = YES;
				GCC_C_LANGUAGE_STANDARD = gnu17;
				GCC_NO_COMMON_BLOCKS = YES;
				GCC_WARN_64_TO_32_BIT_CONVERSION = YES;
				GCC_WARN_ABOUT_RETURN_TYPE = YES_ERROR;
				GCC_WARN_UNDECLARED_SELECTOR = YES;
				GCC_WARN_UNINITIALIZED_AUTOS = YES_AGGRESSIVE;
				GCC_WARN_UNUSED_FUNCTION = YES;
				GCC_WARN_UNUSED_VARIABLE = YES;
				IPHONEOS_DEPLOYMENT_TARGET = 17.2;
				LOCALIZATION_PREFERS_STRING_CATALOGS = YES;
				MTL_ENABLE_DEBUG_INFO = NO;
				MTL_FAST_MATH = YES;
				SDKROOT = iphoneos;
				SWIFT_COMPILATION_MODE = wholemodule;
				VALIDATE_PRODUCT = YES;
			};
			name = Release;
		};
		BA869D692C81A2DB00A54A3B /* Debug */ = {
			isa = XCBuildConfiguration;
			buildSettings = {
				ASSETCATALOG_COMPILER_APPICON_NAME = AppIcon;
				ASSETCATALOG_COMPILER_GLOBAL_ACCENT_COLOR_NAME = AccentColor;
				CODE_SIGN_STYLE = Automatic;
				CURRENT_PROJECT_VERSION = 1;
				DEVELOPMENT_TEAM = YBC6QZE5G7;
				GENERATE_INFOPLIST_FILE = YES;
				INFOPLIST_FILE = "URL-Session-API-Country-Names/Info.plist";
				INFOPLIST_KEY_CFBundleDisplayName = "City List";
				INFOPLIST_KEY_UIApplicationSupportsIndirectInputEvents = YES;
				INFOPLIST_KEY_UILaunchStoryboardName = LaunchScreen;
				INFOPLIST_KEY_UIMainStoryboardFile = Main;
				INFOPLIST_KEY_UISupportedInterfaceOrientations_iPad = "UIInterfaceOrientationPortrait UIInterfaceOrientationPortraitUpsideDown UIInterfaceOrientationLandscapeLeft UIInterfaceOrientationLandscapeRight";
				INFOPLIST_KEY_UISupportedInterfaceOrientations_iPhone = "UIInterfaceOrientationPortrait UIInterfaceOrientationLandscapeLeft UIInterfaceOrientationLandscapeRight";
				LD_RUNPATH_SEARCH_PATHS = (
					"$(inherited)",
					"@executable_path/Frameworks",
				);
				MARKETING_VERSION = 1.0;
				PRODUCT_BUNDLE_IDENTIFIER = "com.SSLPinningImp.URL-Session-API-Country-Names";
				PRODUCT_NAME = "$(TARGET_NAME)";
				SWIFT_EMIT_LOC_STRINGS = YES;
				SWIFT_VERSION = 5.0;
				TARGETED_DEVICE_FAMILY = "1,2";
			};
			name = Debug;
		};
		BA869D6A2C81A2DB00A54A3B /* Release */ = {
			isa = XCBuildConfiguration;
			buildSettings = {
				ASSETCATALOG_COMPILER_APPICON_NAME = AppIcon;
				ASSETCATALOG_COMPILER_GLOBAL_ACCENT_COLOR_NAME = AccentColor;
				CODE_SIGN_STYLE = Automatic;
				CURRENT_PROJECT_VERSION = 1;
				DEVELOPMENT_TEAM = YBC6QZE5G7;
				GENERATE_INFOPLIST_FILE = YES;
				INFOPLIST_FILE = "URL-Session-API-Country-Names/Info.plist";
				INFOPLIST_KEY_CFBundleDisplayName = "City List";
				INFOPLIST_KEY_UIApplicationSupportsIndirectInputEvents = YES;
				INFOPLIST_KEY_UILaunchStoryboardName = LaunchScreen;
				INFOPLIST_KEY_UIMainStoryboardFile = Main;
				INFOPLIST_KEY_UISupportedInterfaceOrientations_iPad = "UIInterfaceOrientationPortrait UIInterfaceOrientationPortraitUpsideDown UIInterfaceOrientationLandscapeLeft UIInterfaceOrientationLandscapeRight";
				INFOPLIST_KEY_UISupportedInterfaceOrientations_iPhone = "UIInterfaceOrientationPortrait UIInterfaceOrientationLandscapeLeft UIInterfaceOrientationLandscapeRight";
				LD_RUNPATH_SEARCH_PATHS = (
					"$(inherited)",
					"@executable_path/Frameworks",
				);
				MARKETING_VERSION = 1.0;
				PRODUCT_BUNDLE_IDENTIFIER = "com.SSLPinningImp.URL-Session-API-Country-Names";
				PRODUCT_NAME = "$(TARGET_NAME)";
				SWIFT_EMIT_LOC_STRINGS = YES;
				SWIFT_VERSION = 5.0;
				TARGETED_DEVICE_FAMILY = "1,2";
			};
			name = Release;
		};
/* End XCBuildConfiguration section */

/* Begin XCConfigurationList section */
		BA869D4F2C81A2D700A54A3B /* Build configuration list for PBXProject "URL-Session-API-Country-Names" */ = {
			isa = XCConfigurationList;
			buildConfigurations = (
				BA869D662C81A2DB00A54A3B /* Debug */,
				BA869D672C81A2DB00A54A3B /* Release */,
			);
			defaultConfigurationIsVisible = 0;
			defaultConfigurationName = Release;
		};
		BA869D682C81A2DB00A54A3B /* Build configuration list for PBXNativeTarget "URL-Session-API-Country-Names" */ = {
			isa = XCConfigurationList;
			buildConfigurations = (
				BA869D692C81A2DB00A54A3B /* Debug */,
				BA869D6A2C81A2DB00A54A3B /* Release */,
			);
			defaultConfigurationIsVisible = 0;
			defaultConfigurationName = Release;
		};
/* End XCConfigurationList section */
	};
	rootObject = BA869D4C2C81A2D700A54A3B /* Project object */;
}
